Microsoft Visual Studio Solution File, Format Version 12.00
# Visual Studio Version 17
VisualStudioVersion = 17.5.2.0
MinimumVisualStudioVersion = 10.0.40219.1
Project("{FAE04EC0-301F-11D3-BF4B-00C04F79EFBC}") = "AcselApp", "AcselApp\AcselApp.csproj", "{0D6D2A25-3213-B9D5-C66C-EAE2FCC32B49}"
EndProject
Project("{FAE04EC0-301F-11D3-BF4B-00C04F79EFBC}") = "DbCheck", "DbCheck\DbCheck.csproj", "{03C7A29C-A569-BA48-EE99-01DA61C71886}"
EndProject
Global
	GlobalSection(SolutionConfigurationPlatforms) = preSolution
		Debug|Any CPU = Debug|Any CPU
		Release|Any CPU = Release|Any CPU
	EndGlobalSection
	GlobalSection(ProjectConfigurationPlatforms) = postSolution
		{0D6D2A25-3213-B9D5-C66C-EAE2FCC32B49}.Debug|Any CPU.ActiveCfg = Debug|Any CPU
		{0D6D2A25-3213-B9D5-C66C-EAE2FCC32B49}.Debug|Any CPU.Build.0 = Debug|Any CPU
		{0D6D2A25-3213-B9D5-C66C-EAE2FCC32B49}.Release|Any CPU.ActiveCfg = Release|Any CPU
		{0D6D2A25-3213-B9D5-C66C-EAE2FCC32B49}.Release|Any CPU.Build.0 = Release|Any CPU
		{03C7A29C-A569-BA48-EE99-01DA61C71886}.Debug|Any CPU.ActiveCfg = Debug|Any CPU
		{03C7A29C-A569-BA48-EE99-01DA61C71886}.Debug|Any CPU.Build.0 = Debug|Any CPU
		{03C7A29C-A569-BA48-EE99-01DA61C71886}.Release|Any CPU.ActiveCfg = Release|Any CPU
		{03C7A29C-A569-BA48-EE99-01DA61C71886}.Release|Any CPU.Build.0 = Release|Any CPU
	EndGlobalSection
	GlobalSection(SolutionProperties) = preSolution
		HideSolutionNode = FALSE
	EndGlobalSection
	GlobalSection(ExtensibilityGlobals) = postSolution
		SolutionGuid = {8628B7F0-8CF3-4CC9-9650-8487411607A3}
	EndGlobalSection
EndGlobal
